dependencies:
- name: ui
  repository: file://../ui
  version: 1.0.0
- name: post
  repository: file://../post
  version: 1.0.0
- name: comment
  repository: file://../comment
  version: 1.0.0
- name: mongodb
  repository: https://charts.helm.sh/stable
  version: 7.8.10
digest: sha256:76f9d52fb268280056fbb9343e55e148d93180f03cd3d493a581c2ceb25e1004
generated: "2024-04-13T21:12:55.701866134+08:00"
